// !$*UTF8*$!
{
	archiveVersion = 1;
	classes = {
	};
	objectVersion = 46;
	objects = {

/* Begin PBXAggregateTarget section */
		29944EBE590A45139571EDEB /* ZERO_CHECK */ = {
			isa = PBXAggregateTarget;
			buildConfigurationList = 584B82002DE94CE3A0C85CB6 /* Build configuration list for PBXAggregateTarget "ZERO_CHECK" */;
			buildPhases = (
				291110A621D749869DA7D632 /* CMake Rules */,
			);
			dependencies = (
			);
			name = ZERO_CHECK;
			productName = ZERO_CHECK;
		};
		69B008C17E474B74B3A05149 /* ALL_BUILD */ = {
			isa = PBXAggregateTarget;
			buildConfigurationList = 009546300F5F416697246D53 /* Build configuration list for PBXAggregateTarget "ALL_BUILD" */;
			buildPhases = (
				EB45C6E9988D41D7B5E99C26 /* CMake Rules */,
			);
			dependencies = (
				9B8BC05B131349009431CC2C /* PBXTargetDependency */,
				3077A3F4A1514CC19ADE4E4A /* PBXTargetDependency */,
			);
			name = ALL_BUILD;
			productName = ALL_BUILD;
		};
/* End PBXAggregateTarget section */

/* Begin PBXBuildFile section */
		7A2B68A9C2544F549FBD52E4 /* main.cpp in Sources */ = {isa = PBXBuildFile; fileRef = 0751442507F34C6AB9B219F8 /* main.cpp */; };
/* End PBXBuildFile section */

/* Begin PBXContainerItemProxy section */
		05F258E092114CBDA4852201 /* PBXContainerItemProxy */ = {
			isa = PBXContainerItemProxy;
			containerPortal = A98E87A495BB4C31B4EDBDED /* Project object */;
			proxyType = 1;
			remoteGlobalIDString = A7B99A74B4C9475E909A920D;
			remoteInfo = path_planning;
		};
		412547F7F277424880202828 /* PBXContainerItemProxy */ = {
			isa = PBXContainerItemProxy;
			containerPortal = A98E87A495BB4C31B4EDBDED /* Project object */;
			proxyType = 1;
			remoteGlobalIDString = 29944EBE590A45139571EDEB;
			remoteInfo = ZERO_CHECK;
		};
		8E460B6028424C7C9A961564 /* PBXContainerItemProxy */ = {
			isa = PBXContainerItemProxy;
			containerPortal = A98E87A495BB4C31B4EDBDED /* Project object */;
			proxyType = 1;
			remoteGlobalIDString = 29944EBE590A45139571EDEB;
			remoteInfo = ZERO_CHECK;
		};
/* End PBXContainerItemProxy section */

/* Begin PBXFileReference section */
		0751442507F34C6AB9B219F8 /* main.cpp */ = {isa = PBXFileReference; explicitFileType = sourcecode.cpp.cpp; fileEncoding = 4; name = main.cpp; path = src/main.cpp; sourceTree = SOURCE_ROOT; };
		1175919C34DE4408AD0E3C42 /* CMakeLists.txt */ = {isa = PBXFileReference; explicitFileType = sourcecode.text; fileEncoding = 4; lastKnownFileType = text; path = CMakeLists.txt; sourceTree = SOURCE_ROOT; };
		21B2FB04A2144D85993DF18F /* path_planning */ = {isa = PBXFileReference; explicitFileType = "compiled.mach-o.executable"; path = path_planning; sourceTree = BUILT_PRODUCTS_DIR; };
		3BF7961B2160797E0082215D /* spline.h */ = {isa = PBXFileReference; fileEncoding = 4; lastKnownFileType = sourcecode.c.h; name = spline.h; path = src/spline.h; sourceTree = "<group>"; };
		8FBC48FA4B7A42508C3184B5 /* CMakeLists.txt */ = {isa = PBXFileReference; explicitFileType = sourcecode.text; fileEncoding = 4; lastKnownFileType = text; path = CMakeLists.txt; sourceTree = SOURCE_ROOT; };
/* End PBXFileReference section */

/* Begin PBXGroup section */
		142622BCCAF14BFE91CD4F47 = {
			isa = PBXGroup;
			children = (
				7F9914EC8D744E9391B90E25 /* path_planning */,
				B0DE287AE7894702BFD3A019 /* ALL_BUILD */,
				24518B10824245B588B96648 /* Products */,
			);
			sourceTree = "<group>";
		};
		24518B10824245B588B96648 /* Products */ = {
			isa = PBXGroup;
			children = (
				21B2FB04A2144D85993DF18F /* path_planning */,
			);
			name = Products;
			sourceTree = "<group>";
		};
		3BF7961A216079620082215D /* Header Files */ = {
			isa = PBXGroup;
			children = (
				3BF7961B2160797E0082215D /* spline.h */,
			);
			name = "Header Files";
			sourceTree = "<group>";
		};
		5D902E93E9CD42FBAD9795F1 /* CMake Rules */ = {
			isa = PBXGroup;
			children = (
			);
			name = "CMake Rules";
			sourceTree = "<group>";
		};
		7F9914EC8D744E9391B90E25 /* path_planning */ = {
			isa = PBXGroup;
			children = (
				3BF7961A216079620082215D /* Header Files */,
				9A73733862034BC5A7CF0411 /* Source Files */,
				1175919C34DE4408AD0E3C42 /* CMakeLists.txt */,
			);
			name = path_planning;
			sourceTree = "<group>";
		};
		9A73733862034BC5A7CF0411 /* Source Files */ = {
			isa = PBXGroup;
			children = (
				0751442507F34C6AB9B219F8 /* main.cpp */,
			);
			name = "Source Files";
			sourceTree = "<group>";
		};
		B0DE287AE7894702BFD3A019 /* ALL_BUILD */ = {
			isa = PBXGroup;
			children = (
				5D902E93E9CD42FBAD9795F1 /* CMake Rules */,
				8FBC48FA4B7A42508C3184B5 /* CMakeLists.txt */,
			);
			name = ALL_BUILD;
			sourceTree = "<group>";
		};
/* End PBXGroup section */

/* Begin PBXNativeTarget section */
		A7B99A74B4C9475E909A920D /* path_planning */ = {
			isa = PBXNativeTarget;
			buildConfigurationList = 2655351D0C9B4BE28BBDD0B1 /* Build configuration list for PBXNativeTarget "path_planning" */;
			buildPhases = (
				69991F0C79424BFB9178A3AF /* Sources */,
			);
			buildRules = (
			);
			dependencies = (
				93FCA85D660040C7A711CF9F /* PBXTargetDependency */,
			);
			name = path_planning;
			productName = path_planning;
			productReference = 21B2FB04A2144D85993DF18F /* path_planning */;
			productType = "com.apple.product-type.tool";
		};
/* End PBXNativeTarget section */

/* Begin PBXProject section */
		A98E87A495BB4C31B4EDBDED /* Project object */ = {
			isa = PBXProject;
			attributes = {
				BuildIndependentTargetsInParallel = YES;
				LastUpgradeCheck = 1000;
			};
			buildConfigurationList = 1E334182583A4CB8843EF0E7 /* Build configuration list for PBXProject "Path_Planning" */;
			compatibilityVersion = "Xcode 3.2";
			developmentRegion = en;
			hasScannedForEncodings = 0;
			knownRegions = (
				en,
			);
			mainGroup = 142622BCCAF14BFE91CD4F47;
			projectDirPath = ../../;
			projectRoot = "";
			targets = (
				69B008C17E474B74B3A05149 /* ALL_BUILD */,
				29944EBE590A45139571EDEB /* ZERO_CHECK */,
				A7B99A74B4C9475E909A920D /* path_planning */,
			);
		};
/* End PBXProject section */

/* Begin PBXShellScriptBuildPhase section */
		291110A621D749869DA7D632 /* CMake Rules */ = {
			isa = PBXShellScriptBuildPhase;
			buildActionMask = 2147483647;
			files = (
			);
			name = "CMake Rules";
			runOnlyForDeploymentPostprocessing = 0;
			shellPath = /bin/sh;
			shellScript = "make -C /Users/kinji/OneDrive/ドキュメント/04\\ Documents/Private/Mooc/Udacity/SDCND/Term3/CarND-Path-Planning-Project/ide_profiles/xcode -f /Users/kinji/OneDrive/ドキュメント/04\\ Documents/Private/Mooc/Udacity/SDCND/Term3/CarND-Path-Planning-Project/ide_profiles/xcode/CMakeScripts/ZERO_CHECK_cmakeRulesBuildPhase.make$CONFIGURATION all";
			showEnvVarsInLog = 0;
		};
		EB45C6E9988D41D7B5E99C26 /* CMake Rules */ = {
			isa = PBXShellScriptBuildPhase;
			buildActionMask = 2147483647;
			files = (
			);
			name = "CMake Rules";
			runOnlyForDeploymentPostprocessing = 0;
			shellPath = /bin/sh;
			shellScript = "make -C /Users/kinji/OneDrive/ドキュメント/04\\ Documents/Private/Mooc/Udacity/SDCND/Term3/CarND-Path-Planning-Project/ide_profiles/xcode -f /Users/kinji/OneDrive/ドキュメント/04\\ Documents/Private/Mooc/Udacity/SDCND/Term3/CarND-Path-Planning-Project/ide_profiles/xcode/CMakeScripts/ALL_BUILD_cmakeRulesBuildPhase.make$CONFIGURATION all";
			showEnvVarsInLog = 0;
		};
/* End PBXShellScriptBuildPhase section */

/* Begin PBXSourcesBuildPhase section */
		69991F0C79424BFB9178A3AF /* Sources */ = {
			isa = PBXSourcesBuildPhase;
			buildActionMask = 2147483647;
			files = (
				7A2B68A9C2544F549FBD52E4 /* main.cpp in Sources */,
			);
			runOnlyForDeploymentPostprocessing = 0;
		};
/* End PBXSourcesBuildPhase section */

/* Begin PBXTargetDependency section */
		3077A3F4A1514CC19ADE4E4A /* PBXTargetDependency */ = {
			isa = PBXTargetDependency;
			target = 29944EBE590A45139571EDEB /* ZERO_CHECK */;
			targetProxy = 412547F7F277424880202828 /* PBXContainerItemProxy */;
		};
		93FCA85D660040C7A711CF9F /* PBXTargetDependency */ = {
			isa = PBXTargetDependency;
			target = 29944EBE590A45139571EDEB /* ZERO_CHECK */;
			targetProxy = 8E460B6028424C7C9A961564 /* PBXContainerItemProxy */;
		};
		9B8BC05B131349009431CC2C /* PBXTargetDependency */ = {
			isa = PBXTargetDependency;
			target = A7B99A74B4C9475E909A920D /* path_planning */;
			targetProxy = 05F258E092114CBDA4852201 /* PBXContainerItemProxy */;
		};
/* End PBXTargetDependency section */

/* Begin XCBuildConfiguration section */
		0302039062FD471BA0F86C6F /* MinSizeRel */ = {
			isa = XCBuildConfiguration;
			buildSettings = {
				COMBINE_HIDPI_IMAGES = YES;
				GCC_GENERATE_DEBUGGING_SYMBOLS = YES;
				GCC_INLINES_ARE_PRIVATE_EXTERN = NO;
				GCC_OPTIMIZATION_LEVEL = 0;
				GCC_PREPROCESSOR_DEFINITIONS = "'CMAKE_INTDIR=\"$(CONFIGURATION)$(EFFECTIVE_PLATFORM_NAME)\"'";
				GCC_SYMBOLS_PRIVATE_EXTERN = NO;
				INSTALL_PATH = "";
				OTHER_LDFLAGS = " ";
				OTHER_REZFLAGS = "";
				PRODUCT_NAME = ZERO_CHECK;
				SECTORDER_FLAGS = "";
				SYMROOT = "/Users/kinji/OneDrive/ドキュメント/04 Documents/Private/Mooc/Udacity/SDCND/Term3/CarND-Path-Planning-Project/ide_profiles/xcode";
				USE_HEADERMAP = NO;
				WARNING_CFLAGS = (
					"-Wmost",
					"-Wno-four-char-constants",
					"-Wno-unknown-pragmas",
					"$(inherited)",
				);
			};
			name = MinSizeRel;
		};
		20D0290195F64874847D6EA6 /* MinSizeRel */ = {
			isa = XCBuildConfiguration;
			buildSettings = {
				COMBINE_HIDPI_IMAGES = YES;
				EXECUTABLE_PREFIX = "";
				EXECUTABLE_SUFFIX = "";
				GCC_GENERATE_DEBUGGING_SYMBOLS = NO;
				GCC_INLINES_ARE_PRIVATE_EXTERN = NO;
				GCC_OPTIMIZATION_LEVEL = s;
				GCC_PREPROCESSOR_DEFINITIONS = "'CMAKE_INTDIR=\"$(CONFIGURATION)$(EFFECTIVE_PLATFORM_NAME)\"'";
				GCC_SYMBOLS_PRIVATE_EXTERN = NO;
				HEADER_SEARCH_PATHS = (
					/usr/local/include,
					/usr/local/opt/openssl/include,
				);
				INSTALL_PATH = "";
				LD_RUNPATH_SEARCH_PATHS = "/usr/local/lib /usr/local/opt/openssl/lib /usr/local/Cellar/libuv/1.11.0/lib";
				LIBRARY_SEARCH_PATHS = (
					"/usr/local/lib/$(CONFIGURATION)$(EFFECTIVE_PLATFORM_NAME)",
					/usr/local/lib,
					"/usr/local/opt/openssl/lib/$(CONFIGURATION)$(EFFECTIVE_PLATFORM_NAME)",
					/usr/local/opt/openssl/lib,
					"/usr/local/Cellar/libuv/1.11.0/lib/$(CONFIGURATION)$(EFFECTIVE_PLATFORM_NAME)",
					/usr/local/Cellar/libuv/1.11.0/lib,
				);
				OTHER_CPLUSPLUSFLAGS = (
					"-DNDEBUG",
					"-std=c++11",
				);
				OTHER_LDFLAGS = (
					"-Wl,-search_paths_first",
					"-Wl,-headerpad_max_install_names",
					"-lz",
					"-lssl",
					"-luv",
					"-luWS",
				);
				OTHER_REZFLAGS = "";
				PRODUCT_NAME = path_planning;
				SECTORDER_FLAGS = "";
				SYMROOT = "/Users/kinji/OneDrive/ドキュメント/04 Documents/Private/Mooc/Udacity/SDCND/Term3/CarND-Path-Planning-Project/ide_profiles/xcode";
				USE_HEADERMAP = NO;
				WARNING_CFLAGS = (
					"-Wmost",
					"-Wno-four-char-constants",
					"-Wno-unknown-pragmas",
					"$(inherited)",
				);
			};
			name = MinSizeRel;
		};
		59A44072840A46C2B7ED281C /* Debug */ = {
			isa = XCBuildConfiguration;
			buildSettings = {
				COMBINE_HIDPI_IMAGES = YES;
				GCC_GENERATE_DEBUGGING_SYMBOLS = YES;
				GCC_INLINES_ARE_PRIVATE_EXTERN = NO;
				GCC_OPTIMIZATION_LEVEL = 0;
				GCC_PREPROCESSOR_DEFINITIONS = "'CMAKE_INTDIR=\"$(CONFIGURATION)$(EFFECTIVE_PLATFORM_NAME)\"'";
				GCC_SYMBOLS_PRIVATE_EXTERN = NO;
				INSTALL_PATH = "";
				OTHER_LDFLAGS = " ";
				OTHER_REZFLAGS = "";
				PRODUCT_NAME = ZERO_CHECK;
				SECTORDER_FLAGS = "";
				SYMROOT = "/Users/kinji/OneDrive/ドキュメント/04 Documents/Private/Mooc/Udacity/SDCND/Term3/CarND-Path-Planning-Project/ide_profiles/xcode";
				USE_HEADERMAP = NO;
				WARNING_CFLAGS = (
					"-Wmost",
					"-Wno-four-char-constants",
					"-Wno-unknown-pragmas",
					"$(inherited)",
				);
			};
			name = Debug;
		};
		6B76821DD1B04E62947EB143 /* Release */ = {
			isa = XCBuildConfiguration;
			buildSettings = {
				COMBINE_HIDPI_IMAGES = YES;
				GCC_GENERATE_DEBUGGING_SYMBOLS = YES;
				GCC_INLINES_ARE_PRIVATE_EXTERN = NO;
				GCC_OPTIMIZATION_LEVEL = 0;
				GCC_PREPROCESSOR_DEFINITIONS = "'CMAKE_INTDIR=\"$(CONFIGURATION)$(EFFECTIVE_PLATFORM_NAME)\"'";
				GCC_SYMBOLS_PRIVATE_EXTERN = NO;
				INSTALL_PATH = "";
				OTHER_LDFLAGS = " ";
				OTHER_REZFLAGS = "";
				PRODUCT_NAME = ALL_BUILD;
				SECTORDER_FLAGS = "";
				SYMROOT = "/Users/kinji/OneDrive/ドキュメント/04 Documents/Private/Mooc/Udacity/SDCND/Term3/CarND-Path-Planning-Project/ide_profiles/xcode";
				USE_HEADERMAP = NO;
				WARNING_CFLAGS = (
					"-Wmost",
					"-Wno-four-char-constants",
					"-Wno-unknown-pragmas",
					"$(inherited)",
				);
			};
			name = Release;
		};
		6DEEB3D3D12C4EDB8F82A3EC /* MinSizeRel */ = {
			isa = XCBuildConfiguration;
			buildSettings = {
				COMBINE_HIDPI_IMAGES = YES;
				GCC_GENERATE_DEBUGGING_SYMBOLS = YES;
				GCC_INLINES_ARE_PRIVATE_EXTERN = NO;
				GCC_OPTIMIZATION_LEVEL = 0;
				GCC_PREPROCESSOR_DEFINITIONS = "'CMAKE_INTDIR=\"$(CONFIGURATION)$(EFFECTIVE_PLATFORM_NAME)\"'";
				GCC_SYMBOLS_PRIVATE_EXTERN = NO;
				INSTALL_PATH = "";
				OTHER_LDFLAGS = " ";
				OTHER_REZFLAGS = "";
				PRODUCT_NAME = ALL_BUILD;
				SECTORDER_FLAGS = "";
				SYMROOT = "/Users/kinji/OneDrive/ドキュメント/04 Documents/Private/Mooc/Udacity/SDCND/Term3/CarND-Path-Planning-Project/ide_profiles/xcode";
				USE_HEADERMAP = NO;
				WARNING_CFLAGS = (
					"-Wmost",
					"-Wno-four-char-constants",
					"-Wno-unknown-pragmas",
					"$(inherited)",
				);
			};
			name = MinSizeRel;
		};
		6F9F6859DA574056B09C50FF /* Release */ = {
			isa = XCBuildConfiguration;
			buildSettings = {
				COMBINE_HIDPI_IMAGES = YES;
				GCC_GENERATE_DEBUGGING_SYMBOLS = YES;
				GCC_INLINES_ARE_PRIVATE_EXTERN = NO;
				GCC_OPTIMIZATION_LEVEL = 0;
				GCC_PREPROCESSOR_DEFINITIONS = "'CMAKE_INTDIR=\"$(CONFIGURATION)$(EFFECTIVE_PLATFORM_NAME)\"'";
				GCC_SYMBOLS_PRIVATE_EXTERN = NO;
				INSTALL_PATH = "";
				OTHER_LDFLAGS = " ";
				OTHER_REZFLAGS = "";
				PRODUCT_NAME = ZERO_CHECK;
				SECTORDER_FLAGS = "";
				SYMROOT = "/Users/kinji/OneDrive/ドキュメント/04 Documents/Private/Mooc/Udacity/SDCND/Term3/CarND-Path-Planning-Project/ide_profiles/xcode";
				USE_HEADERMAP = NO;
				WARNING_CFLAGS = (
					"-Wmost",
					"-Wno-four-char-constants",
					"-Wno-unknown-pragmas",
					"$(inherited)",
				);
			};
			name = Release;
		};
		85D9B763843444A8866BAA7F /* RelWithDebInfo */ = {
			isa = XCBuildConfiguration;
			buildSettings = {
				COMBINE_HIDPI_IMAGES = YES;
				GCC_GENERATE_DEBUGGING_SYMBOLS = YES;
				GCC_INLINES_ARE_PRIVATE_EXTERN = NO;
				GCC_OPTIMIZATION_LEVEL = 0;
				GCC_PREPROCESSOR_DEFINITIONS = "'CMAKE_INTDIR=\"$(CONFIGURATION)$(EFFECTIVE_PLATFORM_NAME)\"'";
				GCC_SYMBOLS_PRIVATE_EXTERN = NO;
				INSTALL_PATH = "";
				OTHER_LDFLAGS = " ";
				OTHER_REZFLAGS = "";
				PRODUCT_NAME = ALL_BUILD;
				SECTORDER_FLAGS = "";
				SYMROOT = "/Users/kinji/OneDrive/ドキュメント/04 Documents/Private/Mooc/Udacity/SDCND/Term3/CarND-Path-Planning-Project/ide_profiles/xcode";
				USE_HEADERMAP = NO;
				WARNING_CFLAGS = (
					"-Wmost",
					"-Wno-four-char-constants",
					"-Wno-unknown-pragmas",
					"$(inherited)",
				);
			};
			name = RelWithDebInfo;
		};
		8F719E8BCEA54CE287900808 /* MinSizeRel */ = {
			isa = XCBuildConfiguration;
			buildSettings = {
				ONLY_ACTIVE_ARCH = YES;
				SDKROOT = /Applications/Xcode.app/Contents/Developer/Platforms/MacOSX.platform/Developer/SDKs/MacOSX10.14.sdk;
				SYMROOT = "/Users/kinji/OneDrive/ドキュメント/04 Documents/Private/Mooc/Udacity/SDCND/Term3/CarND-Path-Planning-Project/ide_profiles/xcode/build";
			};
			name = MinSizeRel;
		};
		A4F0FCF8522E45F688906084 /* Debug */ = {
			isa = XCBuildConfiguration;
			buildSettings = {
				COMBINE_HIDPI_IMAGES = YES;
				GCC_GENERATE_DEBUGGING_SYMBOLS = YES;
				GCC_INLINES_ARE_PRIVATE_EXTERN = NO;
				GCC_OPTIMIZATION_LEVEL = 0;
				GCC_PREPROCESSOR_DEFINITIONS = "'CMAKE_INTDIR=\"$(CONFIGURATION)$(EFFECTIVE_PLATFORM_NAME)\"'";
				GCC_SYMBOLS_PRIVATE_EXTERN = NO;
				INSTALL_PATH = "";
				OTHER_LDFLAGS = " ";
				OTHER_REZFLAGS = "";
				PRODUCT_NAME = ALL_BUILD;
				SECTORDER_FLAGS = "";
				SYMROOT = "/Users/kinji/OneDrive/ドキュメント/04 Documents/Private/Mooc/Udacity/SDCND/Term3/CarND-Path-Planning-Project/ide_profiles/xcode";
				USE_HEADERMAP = NO;
				WARNING_CFLAGS = (
					"-Wmost",
					"-Wno-four-char-constants",
					"-Wno-unknown-pragmas",
					"$(inherited)",
				);
			};
			name = Debug;
		};
		B287390235344D29946BDD53 /* Debug */ = {
			isa = XCBuildConfiguration;
			buildSettings = {
				COMBINE_HIDPI_IMAGES = YES;
				EXECUTABLE_PREFIX = "";
				EXECUTABLE_SUFFIX = "";
				GCC_GENERATE_DEBUGGING_SYMBOLS = YES;
				GCC_INLINES_ARE_PRIVATE_EXTERN = NO;
				GCC_OPTIMIZATION_LEVEL = 0;
				GCC_PREPROCESSOR_DEFINITIONS = "'CMAKE_INTDIR=\"$(CONFIGURATION)$(EFFECTIVE_PLATFORM_NAME)\"'";
				GCC_SYMBOLS_PRIVATE_EXTERN = NO;
				HEADER_SEARCH_PATHS = (
					/usr/local/include,
					/usr/local/opt/openssl/include,
				);
				INSTALL_PATH = "";
				LD_RUNPATH_SEARCH_PATHS = "/usr/local/lib /usr/local/opt/openssl/lib /usr/local/Cellar/libuv/1.11.0/lib";
				LIBRARY_SEARCH_PATHS = (
					"/usr/local/lib/$(CONFIGURATION)$(EFFECTIVE_PLATFORM_NAME)",
					/usr/local/lib,
					"/usr/local/opt/openssl/lib/$(CONFIGURATION)$(EFFECTIVE_PLATFORM_NAME)",
					/usr/local/opt/openssl/lib,
					"/usr/local/Cellar/libuv/1.11.0/lib/$(CONFIGURATION)$(EFFECTIVE_PLATFORM_NAME)",
					/usr/local/Cellar/libuv/1.11.0/lib,
				);
				OTHER_CPLUSPLUSFLAGS = "     -std=c++11";
				OTHER_LDFLAGS = (
					"-Wl,-search_paths_first",
					"-Wl,-headerpad_max_install_names",
					"-lz",
					"-lssl",
					"-luv",
					"-luWS",
				);
				OTHER_REZFLAGS = "";
				PRODUCT_NAME = path_planning;
				SECTORDER_FLAGS = "";
				SYMROOT = "/Users/kinji/OneDrive/ドキュメント/04 Documents/Private/Mooc/Udacity/SDCND/Term3/CarND-Path-Planning-Project/ide_profiles/xcode";
				USE_HEADERMAP = NO;
				WARNING_CFLAGS = (
					"-Wmost",
					"-Wno-four-char-constants",
					"-Wno-unknown-pragmas",
					"$(inherited)",
				);
			};
			name = Debug;
		};
		B781953A4F0E4F079551525F /* RelWithDebInfo */ = {
			isa = XCBuildConfiguration;
			buildSettings = {
				ONLY_ACTIVE_ARCH = YES;
				SDKROOT = /Applications/Xcode.app/Contents/Developer/Platforms/MacOSX.platform/Developer/SDKs/MacOSX10.14.sdk;
				SYMROOT = "/Users/kinji/OneDrive/ドキュメント/04 Documents/Private/Mooc/Udacity/SDCND/Term3/CarND-Path-Planning-Project/ide_profiles/xcode/build";
			};
			name = RelWithDebInfo;
		};
		C319D20DFACE48F9BDC6ACF1 /* RelWithDebInfo */ = {
			isa = XCBuildConfiguration;
			buildSettings = {
				COMBINE_HIDPI_IMAGES = YES;
				GCC_GENERATE_DEBUGGING_SYMBOLS = YES;
				GCC_INLINES_ARE_PRIVATE_EXTERN = NO;
				GCC_OPTIMIZATION_LEVEL = 0;
				GCC_PREPROCESSOR_DEFINITIONS = "'CMAKE_INTDIR=\"$(CONFIGURATION)$(EFFECTIVE_PLATFORM_NAME)\"'";
				GCC_SYMBOLS_PRIVATE_EXTERN = NO;
				INSTALL_PATH = "";
				OTHER_LDFLAGS = " ";
				OTHER_REZFLAGS = "";
				PRODUCT_NAME = ZERO_CHECK;
				SECTORDER_FLAGS = "";
				SYMROOT = "/Users/kinji/OneDrive/ドキュメント/04 Documents/Private/Mooc/Udacity/SDCND/Term3/CarND-Path-Planning-Project/ide_profiles/xcode";
				USE_HEADERMAP = NO;
				WARNING_CFLAGS = (
					"-Wmost",
					"-Wno-four-char-constants",
					"-Wno-unknown-pragmas",
					"$(inherited)",
				);
			};
			name = RelWithDebInfo;
		};
		C7E9B87E9DA64E0DBD67F611 /* Debug */ = {
			isa = XCBuildConfiguration;
			buildSettings = {
				ONLY_ACTIVE_ARCH = YES;
				SDKROOT = /Applications/Xcode.app/Contents/Developer/Platforms/MacOSX.platform/Developer/SDKs/MacOSX10.14.sdk;
				SYMROOT = "/Users/kinji/OneDrive/ドキュメント/04 Documents/Private/Mooc/Udacity/SDCND/Term3/CarND-Path-Planning-Project/ide_profiles/xcode/build";
			};
			name = Debug;
		};
		D95350AE847B4FA0B3FA3C53 /* RelWithDebInfo */ = {
			isa = XCBuildConfiguration;
			buildSettings = {
				COMBINE_HIDPI_IMAGES = YES;
				EXECUTABLE_PREFIX = "";
				EXECUTABLE_SUFFIX = "";
				GCC_GENERATE_DEBUGGING_SYMBOLS = YES;
				GCC_INLINES_ARE_PRIVATE_EXTERN = NO;
				GCC_OPTIMIZATION_LEVEL = 2;
				GCC_PREPROCESSOR_DEFINITIONS = "'CMAKE_INTDIR=\"$(CONFIGURATION)$(EFFECTIVE_PLATFORM_NAME)\"'";
				GCC_SYMBOLS_PRIVATE_EXTERN = NO;
				HEADER_SEARCH_PATHS = (
					/usr/local/include,
					/usr/local/opt/openssl/include,
				);
				INSTALL_PATH = "";
				LD_RUNPATH_SEARCH_PATHS = "/usr/local/lib /usr/local/opt/openssl/lib /usr/local/Cellar/libuv/1.11.0/lib";
				LIBRARY_SEARCH_PATHS = (
					"/usr/local/lib/$(CONFIGURATION)$(EFFECTIVE_PLATFORM_NAME)",
					/usr/local/lib,
					"/usr/local/opt/openssl/lib/$(CONFIGURATION)$(EFFECTIVE_PLATFORM_NAME)",
					/usr/local/opt/openssl/lib,
					"/usr/local/Cellar/libuv/1.11.0/lib/$(CONFIGURATION)$(EFFECTIVE_PLATFORM_NAME)",
					/usr/local/Cellar/libuv/1.11.0/lib,
				);
				OTHER_CPLUSPLUSFLAGS = (
					"-DNDEBUG",
					"-std=c++11",
				);
				OTHER_LDFLAGS = (
					"-Wl,-search_paths_first",
					"-Wl,-headerpad_max_install_names",
					"-lz",
					"-lssl",
					"-luv",
					"-luWS",
				);
				OTHER_REZFLAGS = "";
				PRODUCT_NAME = path_planning;
				SECTORDER_FLAGS = "";
				SYMROOT = "/Users/kinji/OneDrive/ドキュメント/04 Documents/Private/Mooc/Udacity/SDCND/Term3/CarND-Path-Planning-Project/ide_profiles/xcode";
				USE_HEADERMAP = NO;
				WARNING_CFLAGS = (
					"-Wmost",
					"-Wno-four-char-constants",
					"-Wno-unknown-pragmas",
					"$(inherited)",
				);
			};
			name = RelWithDebInfo;
		};
		DF8B757BB8064464BBFBDBE6 /* Release */ = {
			isa = XCBuildConfiguration;
			buildSettings = {
				ONLY_ACTIVE_ARCH = YES;
				SDKROOT = /Applications/Xcode.app/Contents/Developer/Platforms/MacOSX.platform/Developer/SDKs/MacOSX10.14.sdk;
				SYMROOT = "/Users/kinji/OneDrive/ドキュメント/04 Documents/Private/Mooc/Udacity/SDCND/Term3/CarND-Path-Planning-Project/ide_profiles/xcode/build";
			};
			name = Release;
		};
		E1E2FC4563AE4EB88A85C6C4 /* Release */ = {
			isa = XCBuildConfiguration;
			buildSettings = {
				COMBINE_HIDPI_IMAGES = YES;
				EXECUTABLE_PREFIX = "";
				EXECUTABLE_SUFFIX = "";
				GCC_GENERATE_DEBUGGING_SYMBOLS = NO;
				GCC_INLINES_ARE_PRIVATE_EXTERN = NO;
				GCC_OPTIMIZATION_LEVEL = 3;
				GCC_PREPROCESSOR_DEFINITIONS = "'CMAKE_INTDIR=\"$(CONFIGURATION)$(EFFECTIVE_PLATFORM_NAME)\"'";
				GCC_SYMBOLS_PRIVATE_EXTERN = NO;
				HEADER_SEARCH_PATHS = (
					/usr/local/include,
					/usr/local/opt/openssl/include,
				);
				INSTALL_PATH = "";
				LD_RUNPATH_SEARCH_PATHS = "/usr/local/lib /usr/local/opt/openssl/lib /usr/local/Cellar/libuv/1.11.0/lib";
				LIBRARY_SEARCH_PATHS = (
					"/usr/local/lib/$(CONFIGURATION)$(EFFECTIVE_PLATFORM_NAME)",
					/usr/local/lib,
					"/usr/local/opt/openssl/lib/$(CONFIGURATION)$(EFFECTIVE_PLATFORM_NAME)",
					/usr/local/opt/openssl/lib,
					"/usr/local/Cellar/libuv/1.11.0/lib/$(CONFIGURATION)$(EFFECTIVE_PLATFORM_NAME)",
					/usr/local/Cellar/libuv/1.11.0/lib,
				);
				OTHER_CPLUSPLUSFLAGS = (
					"-DNDEBUG",
					"-std=c++11",
				);
				OTHER_LDFLAGS = (
					"-Wl,-search_paths_first",
					"-Wl,-headerpad_max_install_names",
					"-lz",
					"-lssl",
					"-luv",
					"-luWS",
				);
				OTHER_REZFLAGS = "";
				PRODUCT_NAME = path_planning;
				SECTORDER_FLAGS = "";
				SYMROOT = "/Users/kinji/OneDrive/ドキュメント/04 Documents/Private/Mooc/Udacity/SDCND/Term3/CarND-Path-Planning-Project/ide_profiles/xcode";
				USE_HEADERMAP = NO;
				WARNING_CFLAGS = (
					"-Wmost",
					"-Wno-four-char-constants",
					"-Wno-unknown-pragmas",
					"$(inherited)",
				);
			};
			name = Release;
		};
/* End XCBuildConfiguration section */

/* Begin XCConfigurationList section */
		009546300F5F416697246D53 /* Build configuration list for PBXAggregateTarget "ALL_BUILD" */ = {
			isa = XCConfigurationList;
			buildConfigurations = (
				A4F0FCF8522E45F688906084 /* Debug */,
				6B76821DD1B04E62947EB143 /* Release */,
				6DEEB3D3D12C4EDB8F82A3EC /* MinSizeRel */,
				85D9B763843444A8866BAA7F /* RelWithDebInfo */,
			);
			defaultConfigurationIsVisible = 0;
			defaultConfigurationName = Debug;
		};
		1E334182583A4CB8843EF0E7 /* Build configuration list for PBXProject "Path_Planning" */ = {
			isa = XCConfigurationList;
			buildConfigurations = (
				C7E9B87E9DA64E0DBD67F611 /* Debug */,
				DF8B757BB8064464BBFBDBE6 /* Release */,
				8F719E8BCEA54CE287900808 /* MinSizeRel */,
				B781953A4F0E4F079551525F /* RelWithDebInfo */,
			);
			defaultConfigurationIsVisible = 0;
			defaultConfigurationName = Debug;
		};
		2655351D0C9B4BE28BBDD0B1 /* Build configuration list for PBXNativeTarget "path_planning" */ = {
			isa = XCConfigurationList;
			buildConfigurations = (
				B287390235344D29946BDD53 /* Debug */,
				E1E2FC4563AE4EB88A85C6C4 /* Release */,
				20D0290195F64874847D6EA6 /* MinSizeRel */,
				D95350AE847B4FA0B3FA3C53 /* RelWithDebInfo */,
			);
			defaultConfigurationIsVisible = 0;
			defaultConfigurationName = Debug;
		};
		584B82002DE94CE3A0C85CB6 /* Build configuration list for PBXAggregateTarget "ZERO_CHECK" */ = {
			isa = XCConfigurationList;
			buildConfigurations = (
				59A44072840A46C2B7ED281C /* Debug */,
				6F9F6859DA574056B09C50FF /* Release */,
				0302039062FD471BA0F86C6F /* MinSizeRel */,
				C319D20DFACE48F9BDC6ACF1 /* RelWithDebInfo */,
			);
			defaultConfigurationIsVisible = 0;
			defaultConfigurationName = Debug;
		};
/* End XCConfigurationList section */
	};
	rootObject = A98E87A495BB4C31B4EDBDED /* Project object */;
}
